// !$*UTF8*$!
{
	archiveVersion = 1;
	classes = {
	};
	objectVersion = 50;
	objects = {

/* Begin PBXBuildFile section */
		9F211E542369886500310E4C /* AppDelegate.swift in Sources */ = {isa = PBXBuildFile; fileRef = 9F211E532369886500310E4C /* AppDelegate.swift */; };
		9F211E582369886700310E4C /* Assets.xcassets in Resources */ = {isa = PBXBuildFile; fileRef = 9F211E572369886700310E4C /* Assets.xcassets */; };
		9F211E5B2369886700310E4C /* Preview Assets.xcassets in Resources */ = {isa = PBXBuildFile; fileRef = 9F211E5A2369886700310E4C /* Preview Assets.xcassets */; };
		9F211E5E2369886700310E4C /* Main.storyboard in Resources */ = {isa = PBXBuildFile; fileRef = 9F211E5C2369886700310E4C /* Main.storyboard */; };
		9F211E6A2369886700310E4C /* XNoteMacTests.swift in Sources */ = {isa = PBXBuildFile; fileRef = 9F211E692369886700310E4C /* XNoteMacTests.swift */; };
		9F211E752369886700310E4C /* XNoteMacUITests.swift in Sources */ = {isa = PBXBuildFile; fileRef = 9F211E742369886700310E4C /* XNoteMacUITests.swift */; };
		9F211E81236988CF00310E4C /* ContentView.swift in Sources */ = {isa = PBXBuildFile; fileRef = 9FB7171D2360843A0045159E /* ContentView.swift */; };
		9FB7171A2360843A0045159E /* AppDelegate.swift in Sources */ = {isa = PBXBuildFile; fileRef = 9FB717192360843A0045159E /* AppDelegate.swift */; };
		9FB7171C2360843A0045159E /* SceneDelegate.swift in Sources */ = {isa = PBXBuildFile; fileRef = 9FB7171B2360843A0045159E /* SceneDelegate.swift */; };
		9FB7171E2360843A0045159E /* ContentView.swift in Sources */ = {isa = PBXBuildFile; fileRef = 9FB7171D2360843A0045159E /* ContentView.swift */; };
		9FB717202360843C0045159E /* Assets.xcassets in Resources */ = {isa = PBXBuildFile; fileRef = 9FB7171F2360843C0045159E /* Assets.xcassets */; };
		9FB717232360843C0045159E /* Preview Assets.xcassets in Resources */ = {isa = PBXBuildFile; fileRef = 9FB717222360843C0045159E /* Preview Assets.xcassets */; };
		9FB717262360843C0045159E /* LaunchScreen.storyboard in Resources */ = {isa = PBXBuildFile; fileRef = 9FB717242360843C0045159E /* LaunchScreen.storyboard */; };
		9FB717312360843C0045159E /* XNoteTests.swift in Sources */ = {isa = PBXBuildFile; fileRef = 9FB717302360843C0045159E /* XNoteTests.swift */; };
		9FB7173C2360843C0045159E /* XNoteUITests.swift in Sources */ = {isa = PBXBuildFile; fileRef = 9FB7173B2360843C0045159E /* XNoteUITests.swift */; };
/* End PBXBuildFile section */

/* Begin PBXContainerItemProxy section */
		9F211E662369886700310E4C /* PBXContainerItemProxy */ = {
			isa = PBXContainerItemProxy;
			containerPortal = 9FB7170E2360843A0045159E /* Project object */;
			proxyType = 1;
			remoteGlobalIDString = 9F211E502369886500310E4C;
			remoteInfo = XNoteMac;
		};
		9F211E712369886700310E4C /* PBXContainerItemProxy */ = {
			isa = PBXContainerItemProxy;
			containerPortal = 9FB7170E2360843A0045159E /* Project object */;
			proxyType = 1;
			remoteGlobalIDString = 9F211E502369886500310E4C;
			remoteInfo = XNoteMac;
		};
		9FB7172D2360843C0045159E /* PBXContainerItemProxy */ = {
			isa = PBXContainerItemProxy;
			containerPortal = 9FB7170E2360843A0045159E /* Project object */;
			proxyType = 1;
			remoteGlobalIDString = 9FB717152360843A0045159E;
			remoteInfo = XNote;
		};
		9FB717382360843C0045159E /* PBXContainerItemProxy */ = {
			isa = PBXContainerItemProxy;
			containerPortal = 9FB7170E2360843A0045159E /* Project object */;
			proxyType = 1;
			remoteGlobalIDString = 9FB717152360843A0045159E;
			remoteInfo = XNote;
		};
/* End PBXContainerItemProxy section */

/* Begin PBXFileReference section */
		9F211E512369886500310E4C /* XNoteMac.app */ = {isa = PBXFileReference; explicitFileType = wrapper.application; includeInIndex = 0; path = XNoteMac.app; sourceTree = BUILT_PRODUCTS_DIR; };
		9F211E532369886500310E4C /* AppDelegate.swift */ = {isa = PBXFileReference; lastKnownFileType = sourcecode.swift; path = AppDelegate.swift; sourceTree = "<group>"; };
		9F211E572369886700310E4C /* Assets.xcassets */ = {isa = PBXFileReference; lastKnownFileType = folder.assetcatalog; path = Assets.xcassets; sourceTree = "<group>"; };
		9F211E5A2369886700310E4C /* Preview Assets.xcassets */ = {isa = PBXFileReference; lastKnownFileType = folder.assetcatalog; path = "Preview Assets.xcassets"; sourceTree = "<group>"; };
		9F211E5D2369886700310E4C /* Base */ = {isa = PBXFileReference; lastKnownFileType = file.storyboard; name = Base; path = Base.lproj/Main.storyboard; sourceTree = "<group>"; };
		9F211E5F2369886700310E4C /* Info.plist */ = {isa = PBXFileReference; lastKnownFileType = text.plist.xml; path = Info.plist; sourceTree = "<group>"; };
		9F211E602369886700310E4C /* XNoteMac.entitlements */ = {isa = PBXFileReference; lastKnownFileType = text.plist.entitlements; path = XNoteMac.entitlements; sourceTree = "<group>"; };
		9F211E652369886700310E4C /* XNoteMacTests.xctest */ = {isa = PBXFileReference; explicitFileType = wrapper.cfbundle; includeInIndex = 0; path = XNoteMacTests.xctest; sourceTree = BUILT_PRODUCTS_DIR; };
		9F211E692369886700310E4C /* XNoteMacTests.swift */ = {isa = PBXFileReference; lastKnownFileType = sourcecode.swift; path = XNoteMacTests.swift; sourceTree = "<group>"; };
		9F211E6B2369886700310E4C /* Info.plist */ = {isa = PBXFileReference; lastKnownFileType = text.plist.xml; path = Info.plist; sourceTree = "<group>"; };
		9F211E702369886700310E4C /* XNoteMacUITests.xctest */ = {isa = PBXFileReference; explicitFileType = wrapper.cfbundle; includeInIndex = 0; path = XNoteMacUITests.xctest; sourceTree = BUILT_PRODUCTS_DIR; };
		9F211E742369886700310E4C /* XNoteMacUITests.swift */ = {isa = PBXFileReference; lastKnownFileType = sourcecode.swift; path = XNoteMacUITests.swift; sourceTree = "<group>"; };
		9F211E762369886700310E4C /* Info.plist */ = {isa = PBXFileReference; lastKnownFileType = text.plist.xml; path = Info.plist; sourceTree = "<group>"; };
		9FB717162360843A0045159E /* XNote.app */ = {isa = PBXFileReference; explicitFileType = wrapper.application; includeInIndex = 0; path = XNote.app; sourceTree = BUILT_PRODUCTS_DIR; };
		9FB717192360843A0045159E /* AppDelegate.swift */ = {isa = PBXFileReference; lastKnownFileType = sourcecode.swift; path = AppDelegate.swift; sourceTree = "<group>"; };
		9FB7171B2360843A0045159E /* SceneDelegate.swift */ = {isa = PBXFileReference; lastKnownFileType = sourcecode.swift; path = SceneDelegate.swift; sourceTree = "<group>"; };
		9FB7171D2360843A0045159E /* ContentView.swift */ = {isa = PBXFileReference; lastKnownFileType = sourcecode.swift; path = ContentView.swift; sourceTree = "<group>"; };
		9FB7171F2360843C0045159E /* Assets.xcassets */ = {isa = PBXFileReference; lastKnownFileType = folder.assetcatalog; path = Assets.xcassets; sourceTree = "<group>"; };
		9FB717222360843C0045159E /* Preview Assets.xcassets */ = {isa = PBXFileReference; lastKnownFileType = folder.assetcatalog; path = "Preview Assets.xcassets"; sourceTree = "<group>"; };
		9FB717252360843C0045159E /* Base */ = {isa = PBXFileReference; lastKnownFileType = file.storyboard; name = Base; path = Base.lproj/LaunchScreen.storyboard; sourceTree = "<group>"; };
		9FB717272360843C0045159E /* Info.plist */ = {isa = PBXFileReference; lastKnownFileType = text.plist.xml; path = Info.plist; sourceTree = "<group>"; };
		9FB7172C2360843C0045159E /* XNoteTests.xctest */ = {isa = PBXFileReference; explicitFileType = wrapper.cfbundle; includeInIndex = 0; path = XNoteTests.xctest; sourceTree = BUILT_PRODUCTS_DIR; };
		9FB717302360843C0045159E /* XNoteTests.swift */ = {isa = PBXFileReference; lastKnownFileType = sourcecode.swift; path = XNoteTests.swift; sourceTree = "<group>"; };
		9FB717322360843C0045159E /* Info.plist */ = {isa = PBXFileReference; lastKnownFileType = text.plist.xml; path = Info.plist; sourceTree = "<group>"; };
		9FB717372360843C0045159E /* XNoteUITests.xctest */ = {isa = PBXFileReference; explicitFileType = wrapper.cfbundle; includeInIndex = 0; path = XNoteUITests.xctest; sourceTree = BUILT_PRODUCTS_DIR; };
		9FB7173B2360843C0045159E /* XNoteUITests.swift */ = {isa = PBXFileReference; lastKnownFileType = sourcecode.swift; path = XNoteUITests.swift; sourceTree = "<group>"; };
		9FB7173D2360843C0045159E /* Info.plist */ = {isa = PBXFileReference; lastKnownFileType = text.plist.xml; path = Info.plist; sourceTree = "<group>"; };
/* End PBXFileReference section */

/* Begin PBXFrameworksBuildPhase section */
		9F211E4E2369886500310E4C /* Frameworks */ = {
			isa = PBXFrameworksBuildPhase;
			buildActionMask = 2147483647;
			files = (
			);
			runOnlyForDeploymentPostprocessing = 0;
		};
		9F211E622369886700310E4C /* Frameworks */ = {
			isa = PBXFrameworksBuildPhase;
			buildActionMask = 2147483647;
			files = (
			);
			runOnlyForDeploymentPostprocessing = 0;
		};
		9F211E6D2369886700310E4C /* Frameworks */ = {
			isa = PBXFrameworksBuildPhase;
			buildActionMask = 2147483647;
			files = (
			);
			runOnlyForDeploymentPostprocessing = 0;
		};
		9FB717132360843A0045159E /* Frameworks */ = {
			isa = PBXFrameworksBuildPhase;
			buildActionMask = 2147483647;
			files = (
			);
			runOnlyForDeploymentPostprocessing = 0;
		};
		9FB717292360843C0045159E /* Frameworks */ = {
			isa = PBXFrameworksBuildPhase;
			buildActionMask = 2147483647;
			files = (
			);
			runOnlyForDeploymentPostprocessing = 0;
		};
		9FB717342360843C0045159E /* Frameworks */ = {
			isa = PBXFrameworksBuildPhase;
			buildActionMask = 2147483647;
			files = (
			);
			runOnlyForDeploymentPostprocessing = 0;
		};
/* End PBXFrameworksBuildPhase section */

/* Begin PBXGroup section */
		9F211E522369886500310E4C /* XNoteMac */ = {
			isa = PBXGroup;
			children = (
				9F211E532369886500310E4C /* AppDelegate.swift */,
				9F211E572369886700310E4C /* Assets.xcassets */,
				9F211E5C2369886700310E4C /* Main.storyboard */,
				9F211E5F2369886700310E4C /* Info.plist */,
				9F211E602369886700310E4C /* XNoteMac.entitlements */,
				9F211E592369886700310E4C /* Preview Content */,
			);
			path = XNoteMac;
			sourceTree = "<group>";
		};
		9F211E592369886700310E4C /* Preview Content */ = {
			isa = PBXGroup;
			children = (
				9F211E5A2369886700310E4C /* Preview Assets.xcassets */,
			);
			path = "Preview Content";
			sourceTree = "<group>";
		};
		9F211E682369886700310E4C /* XNoteMacTests */ = {
			isa = PBXGroup;
			children = (
				9F211E692369886700310E4C /* XNoteMacTests.swift */,
				9F211E6B2369886700310E4C /* Info.plist */,
			);
			path = XNoteMacTests;
			sourceTree = "<group>";
		};
		9F211E732369886700310E4C /* XNoteMacUITests */ = {
			isa = PBXGroup;
			children = (
				9F211E742369886700310E4C /* XNoteMacUITests.swift */,
				9F211E762369886700310E4C /* Info.plist */,
			);
			path = XNoteMacUITests;
			sourceTree = "<group>";
		};
		9F211E802369887200310E4C /* src */ = {
			isa = PBXGroup;
			children = (
				9FB7171D2360843A0045159E /* ContentView.swift */,
			);
			path = src;
			sourceTree = "<group>";
		};
		9FB7170D2360843A0045159E = {
			isa = PBXGroup;
			children = (
				9F211E802369887200310E4C /* src */,
				9FB717182360843A0045159E /* XNote */,
				9FB7172F2360843C0045159E /* XNoteTests */,
				9FB7173A2360843C0045159E /* XNoteUITests */,
				9F211E522369886500310E4C /* XNoteMac */,
				9F211E682369886700310E4C /* XNoteMacTests */,
				9F211E732369886700310E4C /* XNoteMacUITests */,
				9FB717172360843A0045159E /* Products */,
			);
			sourceTree = "<group>";
		};
		9FB717172360843A0045159E /* Products */ = {
			isa = PBXGroup;
			children = (
				9FB717162360843A0045159E /* XNote.app */,
				9FB7172C2360843C0045159E /* XNoteTests.xctest */,
				9FB717372360843C0045159E /* XNoteUITests.xctest */,
				9F211E512369886500310E4C /* XNoteMac.app */,
				9F211E652369886700310E4C /* XNoteMacTests.xctest */,
				9F211E702369886700310E4C /* XNoteMacUITests.xctest */,
			);
			name = Products;
			sourceTree = "<group>";
		};
		9FB717182360843A0045159E /* XNote */ = {
			isa = PBXGroup;
			children = (
				9FB717192360843A0045159E /* AppDelegate.swift */,
				9FB7171B2360843A0045159E /* SceneDelegate.swift */,
				9FB7171F2360843C0045159E /* Assets.xcassets */,
				9FB717242360843C0045159E /* LaunchScreen.storyboard */,
				9FB717272360843C0045159E /* Info.plist */,
				9FB717212360843C0045159E /* Preview Content */,
			);
			path = XNote;
			sourceTree = "<group>";
		};
		9FB717212360843C0045159E /* Preview Content */ = {
			isa = PBXGroup;
			children = (
				9FB717222360843C0045159E /* Preview Assets.xcassets */,
			);
			path = "Preview Content";
			sourceTree = "<group>";
		};
		9FB7172F2360843C0045159E /* XNoteTests */ = {
			isa = PBXGroup;
			children = (
				9FB717302360843C0045159E /* XNoteTests.swift */,
				9FB717322360843C0045159E /* Info.plist */,
			);
			path = XNoteTests;
			sourceTree = "<group>";
		};
		9FB7173A2360843C0045159E /* XNoteUITests */ = {
			isa = PBXGroup;
			children = (
				9FB7173B2360843C0045159E /* XNoteUITests.swift */,
				9FB7173D2360843C0045159E /* Info.plist */,
			);
			path = XNoteUITests;
			sourceTree = "<group>";
		};
/* End PBXGroup section */

/* Begin PBXNativeTarget section */
		9F211E502369886500310E4C /* XNoteMac */ = {
			isa = PBXNativeTarget;
			buildConfigurationList = 9F211E7D2369886700310E4C /* Build configuration list for PBXNativeTarget "XNoteMac" */;
			buildPhases = (
				9F211E4D2369886500310E4C /* Sources */,
				9F211E4E2369886500310E4C /* Frameworks */,
				9F211E4F2369886500310E4C /* Resources */,
			);
			buildRules = (
			);
			dependencies = (
			);
			name = XNoteMac;
			productName = XNoteMac;
			productReference = 9F211E512369886500310E4C /* XNoteMac.app */;
			productType = "com.apple.product-type.application";
		};
		9F211E642369886700310E4C /* XNoteMacTests */ = {
			isa = PBXNativeTarget;
			buildConfigurationList = 9F211E7E2369886700310E4C /* Build configuration list for PBXNativeTarget "XNoteMacTests" */;
			buildPhases = (
				9F211E612369886700310E4C /* Sources */,
				9F211E622369886700310E4C /* Frameworks */,
				9F211E632369886700310E4C /* Resources */,
			);
			buildRules = (
			);
			dependencies = (
				9F211E672369886700310E4C /* PBXTargetDependency */,
			);
			name = XNoteMacTests;
			productName = XNoteMacTests;
			productReference = 9F211E652369886700310E4C /* XNoteMacTests.xctest */;
			productType = "com.apple.product-type.bundle.unit-test";
		};
		9F211E6F2369886700310E4C /* XNoteMacUITests */ = {
			isa = PBXNativeTarget;
			buildConfigurationList = 9F211E7F2369886700310E4C /* Build configuration list for PBXNativeTarget "XNoteMacUITests" */;
			buildPhases = (
				9F211E6C2369886700310E4C /* Sources */,
				9F211E6D2369886700310E4C /* Frameworks */,
				9F211E6E2369886700310E4C /* Resources */,
			);
			buildRules = (
			);
			dependencies = (
				9F211E722369886700310E4C /* PBXTargetDependency */,
			);
			name = XNoteMacUITests;
			productName = XNoteMacUITests;
			productReference = 9F211E702369886700310E4C /* XNoteMacUITests.xctest */;
			productType = "com.apple.product-type.bundle.ui-testing";
		};
		9FB717152360843A0045159E /* XNote */ = {
			isa = PBXNativeTarget;
			buildConfigurationList = 9FB717402360843C0045159E /* Build configuration list for PBXNativeTarget "XNote" */;
			buildPhases = (
				9FB717122360843A0045159E /* Sources */,
				9FB717132360843A0045159E /* Frameworks */,
				9FB717142360843A0045159E /* Resources */,
			);
			buildRules = (
			);
			dependencies = (
			);
			name = XNote;
			productName = XNote;
			productReference = 9FB717162360843A0045159E /* XNote.app */;
			productType = "com.apple.product-type.application";
		};
		9FB7172B2360843C0045159E /* XNoteTests */ = {
			isa = PBXNativeTarget;
			buildConfigurationList = 9FB717432360843C0045159E /* Build configuration list for PBXNativeTarget "XNoteTests" */;
			buildPhases = (
				9FB717282360843C0045159E /* Sources */,
				9FB717292360843C0045159E /* Frameworks */,
				9FB7172A2360843C0045159E /* Resources */,
			);
			buildRules = (
			);
			dependencies = (
				9FB7172E2360843C0045159E /* PBXTargetDependency */,
			);
			name = XNoteTests;
			productName = XNoteTests;
			productReference = 9FB7172C2360843C0045159E /* XNoteTests.xctest */;
			productType = "com.apple.product-type.bundle.unit-test";
		};
		9FB717362360843C0045159E /* XNoteUITests */ = {
			isa = PBXNativeTarget;
			buildConfigurationList = 9FB717462360843C0045159E /* Build configuration list for PBXNativeTarget "XNoteUITests" */;
			buildPhases = (
				9FB717332360843C0045159E /* Sources */,
				9FB717342360843C0045159E /* Frameworks */,
				9FB717352360843C0045159E /* Resources */,
			);
			buildRules = (
			);
			dependencies = (
				9FB717392360843C0045159E /* PBXTargetDependency */,
			);
			name = XNoteUITests;
			productName = XNoteUITests;
			productReference = 9FB717372360843C0045159E /* XNoteUITests.xctest */;
			productType = "com.apple.product-type.bundle.ui-testing";
		};
/* End PBXNativeTarget section */

/* Begin PBXProject section */
		9FB7170E2360843A0045159E /* Project object */ = {
			isa = PBXProject;
			attributes = {
				LastSwiftUpdateCheck = 1110;
				LastUpgradeCheck = 1110;
				ORGANIZATIONNAME = "许莉鑫";
				TargetAttributes = {
					9F211E502369886500310E4C = {
						CreatedOnToolsVersion = 11.1;
					};
					9F211E642369886700310E4C = {
						CreatedOnToolsVersion = 11.1;
						TestTargetID = 9F211E502369886500310E4C;
					};
					9F211E6F2369886700310E4C = {
						CreatedOnToolsVersion = 11.1;
						TestTargetID = 9F211E502369886500310E4C;
					};
					9FB717152360843A0045159E = {
						CreatedOnToolsVersion = 11.1;
					};
					9FB7172B2360843C0045159E = {
						CreatedOnToolsVersion = 11.1;
						TestTargetID = 9FB717152360843A0045159E;
					};
					9FB717362360843C0045159E = {
						CreatedOnToolsVersion = 11.1;
						TestTargetID = 9FB717152360843A0045159E;
					};
				};
			};
			buildConfigurationList = 9FB717112360843A0045159E /* Build configuration list for PBXProject "XNote" */;
			compatibilityVersion = "Xcode 9.3";
			developmentRegion = en;
			hasScannedForEncodings = 0;
			knownRegions = (
				en,
				Base,
			);
			mainGroup = 9FB7170D2360843A0045159E;
			productRefGroup = 9FB717172360843A0045159E /* Products */;
			projectDirPath = "";
			projectRoot = "";
			targets = (
				9FB717152360843A0045159E /* XNote */,
				9FB7172B2360843C0045159E /* XNoteTests */,
				9FB717362360843C0045159E /* XNoteUITests */,
				9F211E502369886500310E4C /* XNoteMac */,
				9F211E642369886700310E4C /* XNoteMacTests */,
				9F211E6F2369886700310E4C /* XNoteMacUITests */,
			);
		};
/* End PBXProject section */

/* Begin PBXResourcesBuildPhase section */
		9F211E4F2369886500310E4C /* Resources */ = {
			isa = PBXResourcesBuildPhase;
			buildActionMask = 2147483647;
			files = (
				9F211E5E2369886700310E4C /* Main.storyboard in Resources */,
				9F211E5B2369886700310E4C /* Preview Assets.xcassets in Resources */,
				9F211E582369886700310E4C /* Assets.xcassets in Resources */,
			);
			runOnlyForDeploymentPostprocessing = 0;
		};
		9F211E632369886700310E4C /* Resources */ = {
			isa = PBXResourcesBuildPhase;
			buildActionMask = 2147483647;
			files = (
			);
			runOnlyForDeploymentPostprocessing = 0;
		};
		9F211E6E2369886700310E4C /* Resources */ = {
			isa = PBXResourcesBuildPhase;
			buildActionMask = 2147483647;
			files = (
			);
			runOnlyForDeploymentPostprocessing = 0;
		};
		9FB717142360843A0045159E /* Resources */ = {
			isa = PBXResourcesBuildPhase;
			buildActionMask = 2147483647;
			files = (
				9FB717262360843C0045159E /* LaunchScreen.storyboard in Resources */,
				9FB717232360843C0045159E /* Preview Assets.xcassets in Resources */,
				9FB717202360843C0045159E /* Assets.xcassets in Resources */,
			);
			runOnlyForDeploymentPostprocessing = 0;
		};
		9FB7172A2360843C0045159E /* Resources */ = {
			isa = PBXResourcesBuildPhase;
			buildActionMask = 2147483647;
			files = (
			);
			runOnlyForDeploymentPostprocessing = 0;
		};
		9FB717352360843C0045159E /* Resources */ = {
			isa = PBXResourcesBuildPhase;
			buildActionMask = 2147483647;
			files = (
			);
			runOnlyForDeploymentPostprocessing = 0;
		};
/* End PBXResourcesBuildPhase section */

/* Begin PBXSourcesBuildPhase section */
		9F211E4D2369886500310E4C /* Sources */ = {
			isa = PBXSourcesBuildPhase;
			buildActionMask = 2147483647;
			files = (
				9F211E81236988CF00310E4C /* ContentView.swift in Sources */,
				9F211E542369886500310E4C /* AppDelegate.swift in Sources */,
			);
			runOnlyForDeploymentPostprocessing = 0;
		};
		9F211E612369886700310E4C /* Sources */ = {
			isa = PBXSourcesBuildPhase;
			buildActionMask = 2147483647;
			files = (
				9F211E6A2369886700310E4C /* XNoteMacTests.swift in Sources */,
			);
			runOnlyForDeploymentPostprocessing = 0;
		};
		9F211E6C2369886700310E4C /* Sources */ = {
			isa = PBXSourcesBuildPhase;
			buildActionMask = 2147483647;
			files = (
				9F211E752369886700310E4C /* XNoteMacUITests.swift in Sources */,
			);
			runOnlyForDeploymentPostprocessing = 0;
		};
		9FB717122360843A0045159E /* Sources */ = {
			isa = PBXSourcesBuildPhase;
			buildActionMask = 2147483647;
			files = (
				9FB7171A2360843A0045159E /* AppDelegate.swift in Sources */,
				9FB7171C2360843A0045159E /* SceneDelegate.swift in Sources */,
				9FB7171E2360843A0045159E /* ContentView.swift in Sources */,
			);
			runOnlyForDeploymentPostprocessing = 0;
		};
		9FB717282360843C0045159E /* Sources */ = {
			isa = PBXSourcesBuildPhase;
			buildActionMask = 2147483647;
			files = (
				9FB717312360843C0045159E /* XNoteTests.swift in Sources */,
			);
			runOnlyForDeploymentPostprocessing = 0;
		};
		9FB717332360843C0045159E /* Sources */ = {
			isa = PBXSourcesBuildPhase;
			buildActionMask = 2147483647;
			files = (
				9FB7173C2360843C0045159E /* XNoteUITests.swift in Sources */,
			);
			runOnlyForDeploymentPostprocessing = 0;
		};
/* End PBXSourcesBuildPhase section */

/* Begin PBXTargetDependency section */
		9F211E672369886700310E4C /* PBXTargetDependency */ = {
			isa = PBXTargetDependency;
			target = 9F211E502369886500310E4C /* XNoteMac */;
			targetProxy = 9F211E662369886700310E4C /* PBXContainerItemProxy */;
		};
		9F211E722369886700310E4C /* PBXTargetDependency */ = {
			isa = PBXTargetDependency;
			target = 9F211E502369886500310E4C /* XNoteMac */;
			targetProxy = 9F211E712369886700310E4C /* PBXContainerItemProxy */;
		};
		9FB7172E2360843C0045159E /* PBXTargetDependency */ = {
			isa = PBXTargetDependency;
			target = 9FB717152360843A0045159E /* XNote */;
			targetProxy = 9FB7172D2360843C0045159E /* PBXContainerItemProxy */;
		};
		9FB717392360843C0045159E /* PBXTargetDependency */ = {
			isa = PBXTargetDependency;
			target = 9FB717152360843A0045159E /* XNote */;
			targetProxy = 9FB717382360843C0045159E /* PBXContainerItemProxy */;
		};
/* End PBXTargetDependency section */

/* Begin PBXVariantGroup section */
		9F211E5C2369886700310E4C /* Main.storyboard */ = {
			isa = PBXVariantGroup;
			children = (
				9F211E5D2369886700310E4C /* Base */,
			);
			name = Main.storyboard;
			sourceTree = "<group>";
		};
		9FB717242360843C0045159E /* LaunchScreen.storyboard */ = {
			isa = PBXVariantGroup;
			children = (
				9FB717252360843C0045159E /* Base */,
			);
			name = LaunchScreen.storyboard;
			sourceTree = "<group>";
		};
/* End PBXVariantGroup section */

/* Begin XCBuildConfiguration section */
		9F211E772369886700310E4C /* Debug */ = {
			isa = XCBuildConfiguration;
			buildSettings = {
				ASSETCATALOG_COMPILER_APPICON_NAME = AppIcon;
				CODE_SIGN_ENTITLEMENTS = XNoteMac/XNoteMac.entitlements;
				CODE_SIGN_STYLE = Automatic;
				COMBINE_HIDPI_IMAGES = YES;
				DEVELOPMENT_ASSET_PATHS = "\"XNoteMac/Preview Content\"";
				DEVELOPMENT_TEAM = 2EZHM6E2G9;
				ENABLE_HARDENED_RUNTIME = YES;
				ENABLE_PREVIEWS = YES;
				INFOPLIST_FILE = XNoteMac/Info.plist;
				LD_RUNPATH_SEARCH_PATHS = (
					"$(inherited)",
					"@executable_path/../Frameworks",
				);
				MACOSX_DEPLOYMENT_TARGET = 10.15;
				PRODUCT_BUNDLE_IDENTIFIER = xx.XNoteMac;
				PRODUCT_NAME = "$(TARGET_NAME)";
				SDKROOT = macosx;
				SWIFT_VERSION = 5.0;
			};
			name = Debug;
		};
		9F211E782369886700310E4C /* Release */ = {
			isa = XCBuildConfiguration;
			buildSettings = {
				ASSETCATALOG_COMPILER_APPICON_NAME = AppIcon;
				CODE_SIGN_ENTITLEMENTS = XNoteMac/XNoteMac.entitlements;
				CODE_SIGN_STYLE = Automatic;
				COMBINE_HIDPI_IMAGES = YES;
				DEVELOPMENT_ASSET_PATHS = "\"XNoteMac/Preview Content\"";
				DEVELOPMENT_TEAM = 2EZHM6E2G9;
				ENABLE_HARDENED_RUNTIME = YES;
				ENABLE_PREVIEWS = YES;
				INFOPLIST_FILE = XNoteMac/Info.plist;
				LD_RUNPATH_SEARCH_PATHS = (
					"$(inherited)",
					"@executable_path/../Frameworks",
				);
				MACOSX_DEPLOYMENT_TARGET = 10.15;
				PRODUCT_BUNDLE_IDENTIFIER = xx.XNoteMac;
				PRODUCT_NAME = "$(TARGET_NAME)";
				SDKROOT = macosx;
				SWIFT_VERSION = 5.0;
			};
			name = Release;
		};
		9F211E792369886700310E4C /* Debug */ = {
			isa = XCBuildConfiguration;
			buildSettings = {
				ALWAYS_EMBED_SWIFT_STANDARD_LIBRARIES = YES;
				BUNDLE_LOADER = "$(TEST_HOST)";
				CODE_SIGN_STYLE = Automatic;
				COMBINE_HIDPI_IMAGES = YES;
				DEVELOPMENT_TEAM = 2EZHM6E2G9;
				INFOPLIST_FILE = XNoteMacTests/Info.plist;
				LD_RUNPATH_SEARCH_PATHS = (
					"$(inherited)",
					"@executable_path/../Frameworks",
					"@loader_path/../Frameworks",
				);
				MACOSX_DEPLOYMENT_TARGET = 10.15;
				PRODUCT_BUNDLE_IDENTIFIER = xx.XNoteMacTests;
				PRODUCT_NAME = "$(TARGET_NAME)";
				SDKROOT = macosx;
				SWIFT_VERSION = 5.0;
				TEST_HOST = "$(BUILT_PRODUCTS_DIR)/XNoteMac.app/Contents/MacOS/XNoteMac";
			};
			name = Debug;
		};
		9F211E7A2369886700310E4C /* Release */ = {
			isa = XCBuildConfiguration;
			buildSettings = {
				ALWAYS_EMBED_SWIFT_STANDARD_LIBRARIES = YES;
				BUNDLE_LOADER = "$(TEST_HOST)";
				CODE_SIGN_STYLE = Automatic;
				COMBINE_HIDPI_IMAGES = YES;
				DEVELOPMENT_TEAM = 2EZHM6E2G9;
				INFOPLIST_FILE = XNoteMacTests/Info.plist;
				LD_RUNPATH_SEARCH_PATHS = (
					"$(inherited)",
					"@executable_path/../Frameworks",
					"@loader_path/../Frameworks",
				);
				MACOSX_DEPLOYMENT_TARGET = 10.15;
				PRODUCT_BUNDLE_IDENTIFIER = xx.XNoteMacTests;
				PRODUCT_NAME = "$(TARGET_NAME)";
				SDKROOT = macosx;
				SWIFT_VERSION = 5.0;
				TEST_HOST = "$(BUILT_PRODUCTS_DIR)/XNoteMac.app/Contents/MacOS/XNoteMac";
			};
			name = Release;
		};
		9F211E7B2369886700310E4C /* Debug */ = {
			isa = XCBuildConfiguration;
			buildSettings = {
				ALWAYS_EMBED_SWIFT_STANDARD_LIBRARIES = YES;
				CODE_SIGN_STYLE = Automatic;
				COMBINE_HIDPI_IMAGES = YES;
				DEVELOPMENT_TEAM = 2EZHM6E2G9;
				INFOPLIST_FILE = XNoteMacUITests/Info.plist;
				LD_RUNPATH_SEARCH_PATHS = (
					"$(inherited)",
					"@executable_path/../Frameworks",
					"@loader_path/../Frameworks",
				);
				MACOSX_DEPLOYMENT_TARGET = 10.15;
				PRODUCT_BUNDLE_IDENTIFIER = xx.XNoteMacUITests;
				PRODUCT_NAME = "$(TARGET_NAME)";
				SDKROOT = macosx;
				SWIFT_VERSION = 5.0;
				TEST_TARGET_NAME = XNoteMac;
			};
			name = Debug;
		};
		9F211E7C2369886700310E4C /* Release */ = {
			isa = XCBuildConfiguration;
			buildSettings = {
				ALWAYS_EMBED_SWIFT_STANDARD_LIBRARIES = YES;
				CODE_SIGN_STYLE = Automatic;
				COMBINE_HIDPI_IMAGES = YES;
				DEVELOPMENT_TEAM = 2EZHM6E2G9;
				INFOPLIST_FILE = XNoteMacUITests/Info.plist;
				LD_RUNPATH_SEARCH_PATHS = (
					"$(inherited)",
					"@executable_path/../Frameworks",
					"@loader_path/../Frameworks",
				);
				MACOSX_DEPLOYMENT_TARGET = 10.15;
				PRODUCT_BUNDLE_IDENTIFIER = xx.XNoteMacUITests;
				PRODUCT_NAME = "$(TARGET_NAME)";
				SDKROOT = macosx;
				SWIFT_VERSION = 5.0;
				TEST_TARGET_NAME = XNoteMac;
			};
			name = Release;
		};
		9FB7173E2360843C0045159E /* Debug */ = {
			isa = XCBuildConfiguration;
			buildSettings = {
				ALWAYS_SEARCH_USER_PATHS = NO;
				CLANG_ANALYZER_NONNULL = YES;
				CLANG_ANALYZER_NUMBER_OBJECT_CONVERSION = YES_AGGRESSIVE;
				CLANG_CXX_LANGUAGE_STANDARD = "gnu++14";
				CLANG_CXX_LIBRARY = "libc++";
				CLANG_ENABLE_MODULES = YES;
				CLANG_ENABLE_OBJC_ARC = YES;
				CLANG_ENABLE_OBJC_WEAK = YES;
				CLANG_WARN_BLOCK_CAPTURE_AUTORELEASING = YES;
				CLANG_WARN_BOOL_CONVERSION = YES;
				CLANG_WARN_COMMA = YES;
				CLANG_WARN_CONSTANT_CONVERSION = YES;
				CLANG_WARN_DEPRECATED_OBJC_IMPLEMENTATIONS = YES;
				CLANG_WARN_DIRECT_OBJC_ISA_USAGE = YES_ERROR;
				CLANG_WARN_DOCUMENTATION_COMMENTS = YES;
				CLANG_WARN_EMPTY_BODY = YES;
				CLANG_WARN_ENUM_CONVERSION = YES;
				CLANG_WARN_INFINITE_RECURSION = YES;
				CLANG_WARN_INT_CONVERSION = YES;
				CLANG_WARN_NON_LITERAL_NULL_CONVERSION = YES;
				CLANG_WARN_OBJC_IMPLICIT_RETAIN_SELF = YES;
				CLANG_WARN_OBJC_LITERAL_CONVERSION = YES;
				CLANG_WARN_OBJC_ROOT_CLASS = YES_ERROR;
				CLANG_WARN_RANGE_LOOP_ANALYSIS = YES;
				CLANG_WARN_STRICT_PROTOTYPES = YES;
				CLANG_WARN_SUSPICIOUS_MOVE = YES;
				CLANG_WARN_UNGUARDED_AVAILABILITY = YES_AGGRESSIVE;
				CLANG_WARN_UNREACHABLE_CODE = YES;
				CLANG_WARN__DUPLICATE_METHOD_MATCH = YES;
				COPY_PHASE_STRIP = NO;
				DEBUG_INFORMATION_FORMAT = dwarf;
				ENABLE_STRICT_OBJC_MSGSEND = YES;
				ENABLE_TESTABILITY = YES;
				GCC_C_LANGUAGE_STANDARD = gnu11;
				GCC_DYNAMIC_NO_PIC = NO;
				GCC_NO_COMMON_BLOCKS = YES;
				GCC_OPTIMIZATION_LEVEL = 0;
				GCC_PREPROCESSOR_DEFINITIONS = (
					"DEBUG=1",
					"$(inherited)",
				);
				GCC_WARN_64_TO_32_BIT_CONVERSION = YES;
				GCC_WARN_ABOUT_RETURN_TYPE = YES_ERROR;
				GCC_WARN_UNDECLARED_SELECTOR = YES;
				GCC_WARN_UNINITIALIZED_AUTOS = YES_AGGRESSIVE;
				GCC_WARN_UNUSED_FUNCTION = YES;
				GCC_WARN_UNUSED_VARIABLE = YES;
				IPHONEOS_DEPLOYMENT_TARGET = 13.1;
				MTL_ENABLE_DEBUG_INFO = INCLUDE_SOURCE;
				MTL_FAST_MATH = YES;
				ONLY_ACTIVE_ARCH = YES;
				SDKROOT = iphoneos;
				SWIFT_ACTIVE_COMPILATION_CONDITIONS = DEBUG;
				SWIFT_OPTIMIZATION_LEVEL = "-Onone";
			};
			name = Debug;
		};
		9FB7173F2360843C0045159E /* Release */ = {
			isa = XCBuildConfiguration;
			buildSettings = {
				ALWAYS_SEARCH_USER_PATHS = NO;
				CLANG_ANALYZER_NONNULL = YES;
				CLANG_ANALYZER_NUMBER_OBJECT_CONVERSION = YES_AGGRESSIVE;
				CLANG_CXX_LANGUAGE_STANDARD = "gnu++14";
				CLANG_CXX_LIBRARY = "libc++";
				CLANG_ENABLE_MODULES = YES;
				CLANG_ENABLE_OBJC_ARC = YES;
				CLANG_ENABLE_OBJC_WEAK = YES;
				CLANG_WARN_BLOCK_CAPTURE_AUTORELEASING = YES;
				CLANG_WARN_BOOL_CONVERSION = YES;
				CLANG_WARN_COMMA = YES;
				CLANG_WARN_CONSTANT_CONVERSION = YES;
				CLANG_WARN_DEPRECATED_OBJC_IMPLEMENTATIONS = YES;
				CLANG_WARN_DIRECT_OBJC_ISA_USAGE = YES_ERROR;
				CLANG_WARN_DOCUMENTATION_COMMENTS = YES;
				CLANG_WARN_EMPTY_BODY = YES;
				CLANG_WARN_ENUM_CONVERSION = YES;
				CLANG_WARN_INFINITE_RECURSION = YES;
				CLANG_WARN_INT_CONVERSION = YES;
				CLANG_WARN_NON_LITERAL_NULL_CONVERSION = YES;
				CLANG_WARN_OBJC_IMPLICIT_RETAIN_SELF = YES;
				CLANG_WARN_OBJC_LITERAL_CONVERSION = YES;
				CLANG_WARN_OBJC_ROOT_CLASS = YES_ERROR;
				CLANG_WARN_RANGE_LOOP_ANALYSIS = YES;
				CLANG_WARN_STRICT_PROTOTYPES = YES;
				CLANG_WARN_SUSPICIOUS_MOVE = YES;
				CLANG_WARN_UNGUARDED_AVAILABILITY = YES_AGGRESSIVE;
				CLANG_WARN_UNREACHABLE_CODE = YES;
				CLANG_WARN__DUPLICATE_METHOD_MATCH = YES;
				COPY_PHASE_STRIP = NO;
				DEBUG_INFORMATION_FORMAT = "dwarf-with-dsym";
				ENABLE_NS_ASSERTIONS = NO;
				ENABLE_STRICT_OBJC_MSGSEND = YES;
				GCC_C_LANGUAGE_STANDARD = gnu11;
				GCC_NO_COMMON_BLOCKS = YES;
				GCC_WARN_64_TO_32_BIT_CONVERSION = YES;
				GCC_WARN_ABOUT_RETURN_TYPE = YES_ERROR;
				GCC_WARN_UNDECLARED_SELECTOR = YES;
				GCC_WARN_UNINITIALIZED_AUTOS = YES_AGGRESSIVE;
				GCC_WARN_UNUSED_FUNCTION = YES;
				GCC_WARN_UNUSED_VARIABLE = YES;
				IPHONEOS_DEPLOYMENT_TARGET = 13.1;
				MTL_ENABLE_DEBUG_INFO = NO;
				MTL_FAST_MATH = YES;
				SDKROOT = iphoneos;
				SWIFT_COMPILATION_MODE = wholemodule;
				SWIFT_OPTIMIZATION_LEVEL = "-O";
				VALIDATE_PRODUCT = YES;
			};
			name = Release;
		};
		9FB717412360843C0045159E /* Debug */ = {
			isa = XCBuildConfiguration;
			buildSettings = {
				ASSETCATALOG_COMPILER_APPICON_NAME = AppIcon;
				CODE_SIGN_STYLE = Automatic;
				DEVELOPMENT_ASSET_PATHS = "\"XNote/Preview Content\"";
				ENABLE_PREVIEWS = YES;
				INFOPLIST_FILE = XNote/Info.plist;
				LD_RUNPATH_SEARCH_PATHS = (
					"$(inherited)",
					"@executable_path/Frameworks",
				);
				PRODUCT_BUNDLE_IDENTIFIER = xx.XNote;
				PRODUCT_NAME = "$(TARGET_NAME)";
				SWIFT_VERSION = 5.0;
				TARGETED_DEVICE_FAMILY = "1,2";
			};
			name = Debug;
		};
		9FB717422360843C0045159E /* Release */ = {
			isa = XCBuildConfiguration;
			buildSettings = {
				ASSETCATALOG_COMPILER_APPICON_NAME = AppIcon;
				CODE_SIGN_STYLE = Automatic;
				DEVELOPMENT_ASSET_PATHS = "\"XNote/Preview Content\"";
				ENABLE_PREVIEWS = YES;
				INFOPLIST_FILE = XNote/Info.plist;
				LD_RUNPATH_SEARCH_PATHS = (
					"$(inherited)",
					"@executable_path/Frameworks",
				);
				PRODUCT_BUNDLE_IDENTIFIER = xx.XNote;
				PRODUCT_NAME = "$(TARGET_NAME)";
				SWIFT_VERSION = 5.0;
				TARGETED_DEVICE_FAMILY = "1,2";
			};
			name = Release;
		};
		9FB717442360843C0045159E /* Debug */ = {
			isa = XCBuildConfiguration;
			buildSettings = {
				ALWAYS_EMBED_SWIFT_STANDARD_LIBRARIES = YES;
				BUNDLE_LOADER = "$(TEST_HOST)";
				CODE_SIGN_STYLE = Automatic;
				INFOPLIST_FILE = XNoteTests/Info.plist;
				IPHONEOS_DEPLOYMENT_TARGET = 13.1;
				LD_RUNPATH_SEARCH_PATHS = (
					"$(inherited)",
					"@executable_path/Frameworks",
					"@loader_path/Frameworks",
				);
				PRODUCT_BUNDLE_IDENTIFIER = xx.XNoteTests;
				PRODUCT_NAME = "$(TARGET_NAME)";
				SWIFT_VERSION = 5.0;
				TARGETED_DEVICE_FAMILY = "1,2";
				TEST_HOST = "$(BUILT_PRODUCTS_DIR)/XNote.app/XNote";
			};
			name = Debug;
		};
		9FB717452360843C0045159E /* Release */ = {
			isa = XCBuildConfiguration;
			buildSettings = {
				ALWAYS_EMBED_SWIFT_STANDARD_LIBRARIES = YES;
				BUNDLE_LOADER = "$(TEST_HOST)";
				CODE_SIGN_STYLE = Automatic;
				INFOPLIST_FILE = XNoteTests/Info.plist;
				IPHONEOS_DEPLOYMENT_TARGET = 13.1;
				LD_RUNPATH_SEARCH_PATHS = (
					"$(inherited)",
					"@executable_path/Frameworks",
					"@loader_path/Frameworks",
				);
				PRODUCT_BUNDLE_IDENTIFIER = xx.XNoteTests;
				PRODUCT_NAME = "$(TARGET_NAME)";
				SWIFT_VERSION = 5.0;
				TARGETED_DEVICE_FAMILY = "1,2";
				TEST_HOST = "$(BUILT_PRODUCTS_DIR)/XNote.app/XNote";
			};
			name = Release;
		};
		9FB717472360843C0045159E /* Debug */ = {
			isa = XCBuildConfiguration;
			buildSettings = {
				ALWAYS_EMBED_SWIFT_STANDARD_LIBRARIES = YES;
				CODE_SIGN_STYLE = Automatic;
				INFOPLIST_FILE = XNoteUITests/Info.plist;
				LD_RUNPATH_SEARCH_PATHS = (
					"$(inherited)",
					"@executable_path/Frameworks",
					"@loader_path/Frameworks",
				);
				PRODUCT_BUNDLE_IDENTIFIER = xx.XNoteUITests;
				PRODUCT_NAME = "$(TARGET_NAME)";
				SWIFT_VERSION = 5.0;
				TARGETED_DEVICE_FAMILY = "1,2";
				TEST_TARGET_NAME = XNote;
			};
			name = Debug;
		};
		9FB717482360843C0045159E /* Release */ = {
			isa = XCBuildConfiguration;
			buildSettings = {
				ALWAYS_EMBED_SWIFT_STANDARD_LIBRARIES = YES;
				CODE_SIGN_STYLE = Automatic;
				INFOPLIST_FILE = XNoteUITests/Info.plist;
				LD_RUNPATH_SEARCH_PATHS = (
					"$(inherited)",
					"@executable_path/Frameworks",
					"@loader_path/Frameworks",
				);
				PRODUCT_BUNDLE_IDENTIFIER = xx.XNoteUITests;
				PRODUCT_NAME = "$(TARGET_NAME)";
				SWIFT_VERSION = 5.0;
				TARGETED_DEVICE_FAMILY = "1,2";
				TEST_TARGET_NAME = XNote;
			};
			name = Release;
		};
/* End XCBuildConfiguration section */

/* Begin XCConfigurationList section */
		9F211E7D2369886700310E4C /* Build configuration list for PBXNativeTarget "XNoteMac" */ = {
			isa = XCConfigurationList;
			buildConfigurations = (
				9F211E772369886700310E4C /* Debug */,
				9F211E782369886700310E4C /* Release */,
			);
			defaultConfigurationIsVisible = 0;
			defaultConfigurationName = Release;
		};
		9F211E7E2369886700310E4C /* Build configuration list for PBXNativeTarget "XNoteMacTests" */ = {
			isa = XCConfigurationList;
			buildConfigurations = (
				9F211E792369886700310E4C /* Debug */,
				9F211E7A2369886700310E4C /* Release */,
			);
			defaultConfigurationIsVisible = 0;
			defaultConfigurationName = Release;
		};
		9F211E7F2369886700310E4C /* Build configuration list for PBXNativeTarget "XNoteMacUITests" */ = {
			isa = XCConfigurationList;
			buildConfigurations = (
				9F211E7B2369886700310E4C /* Debug */,
				9F211E7C2369886700310E4C /* Release */,
			);
			defaultConfigurationIsVisible = 0;
			defaultConfigurationName = Release;
		};
		9FB717112360843A0045159E /* Build configuration list for PBXProject "XNote" */ = {
			isa = XCConfigurationList;
			buildConfigurations = (
				9FB7173E2360843C0045159E /* Debug */,
				9FB7173F2360843C0045159E /* Release */,
			);
			defaultConfigurationIsVisible = 0;
			defaultConfigurationName = Release;
		};
		9FB717402360843C0045159E /* Build configuration list for PBXNativeTarget "XNote" */ = {
			isa = XCConfigurationList;
			buildConfigurations = (
				9FB717412360843C0045159E /* Debug */,
				9FB717422360843C0045159E /* Release */,
			);
			defaultConfigurationIsVisible = 0;
			defaultConfigurationName = Release;
		};
		9FB717432360843C0045159E /* Build configuration list for PBXNativeTarget "XNoteTests" */ = {
			isa = XCConfigurationList;
			buildConfigurations = (
				9FB717442360843C0045159E /* Debug */,
				9FB717452360843C0045159E /* Release */,
			);
			defaultConfigurationIsVisible = 0;
			defaultConfigurationName = Release;
		};
		9FB717462360843C0045159E /* Build configuration list for PBXNativeTarget "XNoteUITests" */ = {
			isa = XCConfigurationList;
			buildConfigurations = (
				9FB717472360843C0045159E /* Debug */,
				9FB717482360843C0045159E /* Release */,
			);
			defaultConfigurationIsVisible = 0;
			defaultConfigurationName = Release;
		};
/* End XCConfigurationList section */
	};
	rootObject = 9FB7170E2360843A0045159E /* Project object */;
}
